{
    "_meta": {
        "hash": {
            "sha256": "6c6fa5f7e562695f5be84801926dc9958bb97cef79e282f623682917086831bd"
        },
        "pipfile-spec": 6,
        "requires": {
            "python_version": "3.6"
        },
        "sources": [
            {
                "name": "pypi",
                "url": "https://pypi.org/simple",
                "verify_ssl": true
            }
        ]
    },
    "default": {
        "evdev": {
            "hashes": [
                "sha256:2dd67291be20e70643e8ef6f2381efc10e0c6e44a32abb3c1db74996ea3b0351"
            ],
            "index": "pypi",
            "version": "==1.1.2"
        }
    },
    "develop": {
        "rope": {
            "hashes": [
                "sha256:a108c445e1cd897fe19272ab7877d172e7faf3d4148c80e7d20faba42ea8f7b2"
            ],
            "index": "pypi",
            "version": "==0.11.0"
        }
    }
}
